
Microsoft Visual Studio Solution File, Format Version 12.00
# Visual Studio Version 17
VisualStudioVersion = 17.13.35931.197 d17.13
MinimumVisualStudioVersion = 10.0.40219.1
Project("{FAE04EC0-301F-11D3-BF4B-00C04F79EFBC}") = "MIS_FileLocator", "MIS_FileLocator.csproj", "{14175BFD-9A6D-B1F5-379D-E6AABEB698E0}"
EndProject
Global
	GlobalSection(SolutionConfigurationPlatforms) = preSolution
		Debug|Any CPU = Debug|Any CPU
		Release|Any CPU = Release|Any CPU
	EndGlobalSection
	GlobalSection(ProjectConfigurationPlatforms) = postSolution
		{14175BFD-9A6D-B1F5-379D-E6AABEB698E0}.Debug|Any CPU.ActiveCfg = Debug|Any CPU
		{14175BFD-9A6D-B1F5-379D-E6AABEB698E0}.Debug|Any CPU.Build.0 = Debug|Any CPU
		{14175BFD-9A6D-B1F5-379D-E6AABEB698E0}.Release|Any CPU.ActiveCfg = Release|Any CPU
		{14175BFD-9A6D-B1F5-379D-E6AABEB698E0}.Release|Any CPU.Build.0 = Release|Any CPU
	EndGlobalSection
	GlobalSection(SolutionProperties) = preSolution
		HideSolutionNode = FALSE
	EndGlobalSection
	GlobalSection(ExtensibilityGlobals) = postSolution
		SolutionGuid = {DED216A0-52B8-4AA2-8E13-DA841F4B8C97}
	EndGlobalSection
EndGlobal
